// !$*UTF8*$!
{
	archiveVersion = 1;
	classes = {
	};
	objectVersion = 77;
	objects = {

/* Begin PBXContainerItemProxy section */
		AF91FC782EA2FFCB00445FCB /* PBXContainerItemProxy */ = {
			isa = PBXContainerItemProxy;
			containerPortal = AF91FC622EA2FFCA00445FCB /* Project object */;
			proxyType = 1;
			remoteGlobalIDString = AF91FC692EA2FFCA00445FCB;
			remoteInfo = "Srz Clipboard";
		};
		AF91FC822EA2FFCB00445FCB /* PBXContainerItemProxy */ = {
			isa = PBXContainerItemProxy;
			containerPortal = AF91FC622EA2FFCA00445FCB /* Project object */;
			proxyType = 1;
			remoteGlobalIDString = AF91FC692EA2FFCA00445FCB;
			remoteInfo = "Srz Clipboard";
		};
/* End PBXContainerItemProxy section */

/* Begin PBXFileReference section */
		AF91FC6A2EA2FFCA00445FCB /* Srz Clipboard.app */ = {isa = PBXFileReference; explicitFileType = wrapper.application; includeInIndex = 0; path = "Srz Clipboard.app"; sourceTree = BUILT_PRODUCTS_DIR; };
		AF91FC772EA2FFCB00445FCB /* Srz ClipboardTests.xctest */ = {isa = PBXFileReference; explicitFileType = wrapper.cfbundle; includeInIndex = 0; path = "Srz ClipboardTests.xctest"; sourceTree = BUILT_PRODUCTS_DIR; };
		AF91FC812EA2FFCB00445FCB /* Srz ClipboardUITests.xctest */ = {isa = PBXFileReference; explicitFileType = wrapper.cfbundle; includeInIndex = 0; path = "Srz ClipboardUITests.xctest"; sourceTree = BUILT_PRODUCTS_DIR; };
/* End PBXFileReference section */

/* Begin PBXFileSystemSynchronizedRootGroup section */
		AF91FC6C2EA2FFCA00445FCB /* Srz Clipboard */ = {
			isa = PBXFileSystemSynchronizedRootGroup;
			path = "Srz Clipboard";
			sourceTree = "<group>";
		};
		AF91FC7A2EA2FFCB00445FCB /* Srz ClipboardTests */ = {
			isa = PBXFileSystemSynchronizedRootGroup;
			path = "Srz ClipboardTests";
			sourceTree = "<group>";
		};
		AF91FC842EA2FFCB00445FCB /* Srz ClipboardUITests */ = {
			isa = PBXFileSystemSynchronizedRootGroup;
			path = "Srz ClipboardUITests";
			sourceTree = "<group>";
		};
/* End PBXFileSystemSynchronizedRootGroup section */

/* Begin PBXFrameworksBuildPhase section */
		AF91FC672EA2FFCA00445FCB /* Frameworks */ = {
			isa = PBXFrameworksBuildPhase;
			buildActionMask = 2147483647;
			files = (
			);
			runOnlyForDeploymentPostprocessing = 0;
		};
		AF91FC742EA2FFCB00445FCB /* Frameworks */ = {
			isa = PBXFrameworksBuildPhase;
			buildActionMask = 2147483647;
			files = (
			);
			runOnlyForDeploymentPostprocessing = 0;
		};
		AF91FC7E2EA2FFCB00445FCB /* Frameworks */ = {
			isa = PBXFrameworksBuildPhase;
			buildActionMask = 2147483647;
			files = (
			);
			runOnlyForDeploymentPostprocessing = 0;
		};
/* End PBXFrameworksBuildPhase section */

/* Begin PBXGroup section */
		AF91FC612EA2FFCA00445FCB = {
			isa = PBXGroup;
			children = (
				AF91FC6C2EA2FFCA00445FCB /* Srz Clipboard */,
				AF91FC7A2EA2FFCB00445FCB /* Srz ClipboardTests */,
				AF91FC842EA2FFCB00445FCB /* Srz ClipboardUITests */,
				AF91FC6B2EA2FFCA00445FCB /* Products */,
			);
			sourceTree = "<group>";
		};
		AF91FC6B2EA2FFCA00445FCB /* Products */ = {
			isa = PBXGroup;
			children = (
				AF91FC6A2EA2FFCA00445FCB /* Srz Clipboard.app */,
				AF91FC772EA2FFCB00445FCB /* Srz ClipboardTests.xctest */,
				AF91FC812EA2FFCB00445FCB /* Srz ClipboardUITests.xctest */,
			);
			name = Products;
			sourceTree = "<group>";
		};
/* End PBXGroup section */

/* Begin PBXNativeTarget section */
		AF91FC692EA2FFCA00445FCB /* Srz Clipboard */ = {
			isa = PBXNativeTarget;
			buildConfigurationList = AF91FC8B2EA2FFCB00445FCB /* Build configuration list for PBXNativeTarget "Srz Clipboard" */;
			buildPhases = (
				AF91FC662EA2FFCA00445FCB /* Sources */,
				AF91FC672EA2FFCA00445FCB /* Frameworks */,
				AF91FC682EA2FFCA00445FCB /* Resources */,
			);
			buildRules = (
			);
			dependencies = (
			);
			fileSystemSynchronizedGroups = (
				AF91FC6C2EA2FFCA00445FCB /* Srz Clipboard */,
			);
			name = "Srz Clipboard";
			packageProductDependencies = (
			);
			productName = "Srz Clipboard";
			productReference = AF91FC6A2EA2FFCA00445FCB /* Srz Clipboard.app */;
			productType = "com.apple.product-type.application";
		};
		AF91FC762EA2FFCB00445FCB /* Srz ClipboardTests */ = {
			isa = PBXNativeTarget;
			buildConfigurationList = AF91FC8E2EA2FFCB00445FCB /* Build configuration list for PBXNativeTarget "Srz ClipboardTests" */;
			buildPhases = (
				AF91FC732EA2FFCB00445FCB /* Sources */,
				AF91FC742EA2FFCB00445FCB /* Frameworks */,
				AF91FC752EA2FFCB00445FCB /* Resources */,
			);
			buildRules = (
			);
			dependencies = (
				AF91FC792EA2FFCB00445FCB /* PBXTargetDependency */,
			);
			fileSystemSynchronizedGroups = (
				AF91FC7A2EA2FFCB00445FCB /* Srz ClipboardTests */,
			);
			name = "Srz ClipboardTests";
			packageProductDependencies = (
			);
			productName = "Srz ClipboardTests";
			productReference = AF91FC772EA2FFCB00445FCB /* Srz ClipboardTests.xctest */;
			productType = "com.apple.product-type.bundle.unit-test";
		};
		AF91FC802EA2FFCB00445FCB /* Srz ClipboardUITests */ = {
			isa = PBXNativeTarget;
			buildConfigurationList = AF91FC912EA2FFCB00445FCB /* Build configuration list for PBXNativeTarget "Srz ClipboardUITests" */;
			buildPhases = (
				AF91FC7D2EA2FFCB00445FCB /* Sources */,
				AF91FC7E2EA2FFCB00445FCB /* Frameworks */,
				AF91FC7F2EA2FFCB00445FCB /* Resources */,
			);
			buildRules = (
			);
			dependencies = (
				AF91FC832EA2FFCB00445FCB /* PBXTargetDependency */,
			);
			fileSystemSynchronizedGroups = (
				AF91FC842EA2FFCB00445FCB /* Srz ClipboardUITests */,
			);
			name = "Srz ClipboardUITests";
			packageProductDependencies = (
			);
			productName = "Srz ClipboardUITests";
			productReference = AF91FC812EA2FFCB00445FCB /* Srz ClipboardUITests.xctest */;
			productType = "com.apple.product-type.bundle.ui-testing";
		};
/* End PBXNativeTarget section */

/* Begin PBXProject section */
		AF91FC622EA2FFCA00445FCB /* Project object */ = {
			isa = PBXProject;
			attributes = {
				BuildIndependentTargetsInParallel = 1;
				LastSwiftUpdateCheck = 2600;
				LastUpgradeCheck = 2600;
				TargetAttributes = {
					AF91FC692EA2FFCA00445FCB = {
						CreatedOnToolsVersion = 26.0;
					};
					AF91FC762EA2FFCB00445FCB = {
						CreatedOnToolsVersion = 26.0;
						TestTargetID = AF91FC692EA2FFCA00445FCB;
					};
					AF91FC802EA2FFCB00445FCB = {
						CreatedOnToolsVersion = 26.0;
						TestTargetID = AF91FC692EA2FFCA00445FCB;
					};
				};
			};
			buildConfigurationList = AF91FC652EA2FFCA00445FCB /* Build configuration list for PBXProject "Srz Clipboard" */;
			developmentRegion = en;
			hasScannedForEncodings = 0;
			knownRegions = (
				en,
				Base,
			);
			mainGroup = AF91FC612EA2FFCA00445FCB;
			minimizedProjectReferenceProxies = 1;
			preferredProjectObjectVersion = 77;
			productRefGroup = AF91FC6B2EA2FFCA00445FCB /* Products */;
			projectDirPath = "";
			projectRoot = "";
			targets = (
				AF91FC692EA2FFCA00445FCB /* Srz Clipboard */,
				AF91FC762EA2FFCB00445FCB /* Srz ClipboardTests */,
				AF91FC802EA2FFCB00445FCB /* Srz ClipboardUITests */,
			);
		};
/* End PBXProject section */

/* Begin PBXResourcesBuildPhase section */
		AF91FC682EA2FFCA00445FCB /* Resources */ = {
			isa = PBXResourcesBuildPhase;
			buildActionMask = 2147483647;
			files = (
			);
			runOnlyForDeploymentPostprocessing = 0;
		};
		AF91FC752EA2FFCB00445FCB /* Resources */ = {
			isa = PBXResourcesBuildPhase;
			buildActionMask = 2147483647;
			files = (
			);
			runOnlyForDeploymentPostprocessing = 0;
		};
		AF91FC7F2EA2FFCB00445FCB /* Resources */ = {
			isa = PBXResourcesBuildPhase;
			buildActionMask = 2147483647;
			files = (
			);
			runOnlyForDeploymentPostprocessing = 0;
		};
/* End PBXResourcesBuildPhase section */

/* Begin PBXSourcesBuildPhase section */
		AF91FC662EA2FFCA00445FCB /* Sources */ = {
			isa = PBXSourcesBuildPhase;
			buildActionMask = 2147483647;
			files = (
			);
			runOnlyForDeploymentPostprocessing = 0;
		};
		AF91FC732EA2FFCB00445FCB /* Sources */ = {
			isa = PBXSourcesBuildPhase;
			buildActionMask = 2147483647;
			files = (
			);
			runOnlyForDeploymentPostprocessing = 0;
		};
		AF91FC7D2EA2FFCB00445FCB /* Sources */ = {
			isa = PBXSourcesBuildPhase;
			buildActionMask = 2147483647;
			files = (
			);
			runOnlyForDeploymentPostprocessing = 0;
		};
/* End PBXSourcesBuildPhase section */

/* Begin PBXTargetDependency section */
		AF91FC792EA2FFCB00445FCB /* PBXTargetDependency */ = {
			isa = PBXTargetDependency;
			target = AF91FC692EA2FFCA00445FCB /* Srz Clipboard */;
			targetProxy = AF91FC782EA2FFCB00445FCB /* PBXContainerItemProxy */;
		};
		AF91FC832EA2FFCB00445FCB /* PBXTargetDependency */ = {
			isa = PBXTargetDependency;
			target = AF91FC692EA2FFCA00445FCB /* Srz Clipboard */;
			targetProxy = AF91FC822EA2FFCB00445FCB /* PBXContainerItemProxy */;
		};
/* End PBXTargetDependency section */

/* Begin XCBuildConfiguration section */
		AF91FC892EA2FFCB00445FCB /* Debug */ = {
			isa = XCBuildConfiguration;
			buildSettings = {
				ALWAYS_SEARCH_USER_PATHS = NO;
				ASSETCATALOG_COMPILER_GENERATE_SWIFT_ASSET_SYMBOL_EXTENSIONS = YES;
				CLANG_ANALYZER_NONNULL = YES;
				CLANG_ANALYZER_NUMBER_OBJECT_CONVERSION = YES_AGGRESSIVE;
				CLANG_CXX_LANGUAGE_STANDARD = "gnu++20";
				CLANG_ENABLE_MODULES = YES;
				CLANG_ENABLE_OBJC_ARC = YES;
				CLANG_ENABLE_OBJC_WEAK = YES;
				CLANG_WARN_BLOCK_CAPTURE_AUTORELEASING = YES;
				CLANG_WARN_BOOL_CONVERSION = YES;
				CLANG_WARN_COMMA = YES;
				CLANG_WARN_CONSTANT_CONVERSION = YES;
				CLANG_WARN_DEPRECATED_OBJC_IMPLEMENTATIONS = YES;
				CLANG_WARN_DIRECT_OBJC_ISA_USAGE = YES_ERROR;
				CLANG_WARN_DOCUMENTATION_COMMENTS = YES;
				CLANG_WARN_EMPTY_BODY = YES;
				CLANG_WARN_ENUM_CONVERSION = YES;
				CLANG_WARN_INFINITE_RECURSION = YES;
				CLANG_WARN_INT_CONVERSION = YES;
				CLANG_WARN_NON_LITERAL_NULL_CONVERSION = YES;
				CLANG_WARN_OBJC_IMPLICIT_RETAIN_SELF = YES;
				CLANG_WARN_OBJC_LITERAL_CONVERSION = YES;
				CLANG_WARN_OBJC_ROOT_CLASS = YES_ERROR;
				CLANG_WARN_QUOTED_INCLUDE_IN_FRAMEWORK_HEADER = YES;
				CLANG_WARN_RANGE_LOOP_ANALYSIS = YES;
				CLANG_WARN_STRICT_PROTOTYPES = YES;
				CLANG_WARN_SUSPICIOUS_MOVE = YES;
				CLANG_WARN_UNGUARDED_AVAILABILITY = YES_AGGRESSIVE;
				CLANG_WARN_UNREACHABLE_CODE = YES;
				CLANG_WARN__DUPLICATE_METHOD_MATCH = YES;
				COPY_PHASE_STRIP = NO;
				DEBUG_INFORMATION_FORMAT = dwarf;
				DEVELOPMENT_TEAM = 4R6V47W7X5;
				ENABLE_STRICT_OBJC_MSGSEND = YES;
				ENABLE_TESTABILITY = YES;
				ENABLE_USER_SCRIPT_SANDBOXING = YES;
				GCC_C_LANGUAGE_STANDARD = gnu17;
				GCC_DYNAMIC_NO_PIC = NO;
				GCC_NO_COMMON_BLOCKS = YES;
				GCC_OPTIMIZATION_LEVEL = 0;
				GCC_PREPROCESSOR_DEFINITIONS = (
					"DEBUG=1",
					"$(inherited)",
				);
				GCC_WARN_64_TO_32_BIT_CONVERSION = YES;
				GCC_WARN_ABOUT_RETURN_TYPE = YES_ERROR;
				GCC_WARN_UNDECLARED_SELECTOR = YES;
				GCC_WARN_UNINITIALIZED_AUTOS = YES_AGGRESSIVE;
				GCC_WARN_UNUSED_FUNCTION = YES;
				GCC_WARN_UNUSED_VARIABLE = YES;
				LOCALIZATION_PREFERS_STRING_CATALOGS = YES;
				MACOSX_DEPLOYMENT_TARGET = 15.6;
				MTL_ENABLE_DEBUG_INFO = INCLUDE_SOURCE;
				MTL_FAST_MATH = YES;
				ONLY_ACTIVE_ARCH = YES;
				SDKROOT = macosx;
				SWIFT_ACTIVE_COMPILATION_CONDITIONS = "DEBUG $(inherited)";
				SWIFT_OPTIMIZATION_LEVEL = "-Onone";
			};
			name = Debug;
		};
		AF91FC8A2EA2FFCB00445FCB /* Release */ = {
			isa = XCBuildConfiguration;
			buildSettings = {
				ALWAYS_SEARCH_USER_PATHS = NO;
				ASSETCATALOG_COMPILER_GENERATE_SWIFT_ASSET_SYMBOL_EXTENSIONS = YES;
				CLANG_ANALYZER_NONNULL = YES;
				CLANG_ANALYZER_NUMBER_OBJECT_CONVERSION = YES_AGGRESSIVE;
				CLANG_CXX_LANGUAGE_STANDARD = "gnu++20";
				CLANG_ENABLE_MODULES = YES;
				CLANG_ENABLE_OBJC_ARC = YES;
				CLANG_ENABLE_OBJC_WEAK = YES;
				CLANG_WARN_BLOCK_CAPTURE_AUTORELEASING = YES;
				CLANG_WARN_BOOL_CONVERSION = YES;
				CLANG_WARN_COMMA = YES;
				CLANG_WARN_CONSTANT_CONVERSION = YES;
				CLANG_WARN_DEPRECATED_OBJC_IMPLEMENTATIONS = YES;
				CLANG_WARN_DIRECT_OBJC_ISA_USAGE = YES_ERROR;
				CLANG_WARN_DOCUMENTATION_COMMENTS = YES;
				CLANG_WARN_EMPTY_BODY = YES;
				CLANG_WARN_ENUM_CONVERSION = YES;
				CLANG_WARN_INFINITE_RECURSION = YES;
				CLANG_WARN_INT_CONVERSION = YES;
				CLANG_WARN_NON_LITERAL_NULL_CONVERSION = YES;
				CLANG_WARN_OBJC_IMPLICIT_RETAIN_SELF = YES;
				CLANG_WARN_OBJC_LITERAL_CONVERSION = YES;
				CLANG_WARN_OBJC_ROOT_CLASS = YES_ERROR;
				CLANG_WARN_QUOTED_INCLUDE_IN_FRAMEWORK_HEADER = YES;
				CLANG_WARN_RANGE_LOOP_ANALYSIS = YES;
				CLANG_WARN_STRICT_PROTOTYPES = YES;
				CLANG_WARN_SUSPICIOUS_MOVE = YES;
				CLANG_WARN_UNGUARDED_AVAILABILITY = YES_AGGRESSIVE;
				CLANG_WARN_UNREACHABLE_CODE = YES;
				CLANG_WARN__DUPLICATE_METHOD_MATCH = YES;
				COPY_PHASE_STRIP = NO;
				DEBUG_INFORMATION_FORMAT = "dwarf-with-dsym";
				DEVELOPMENT_TEAM = 4R6V47W7X5;
				ENABLE_NS_ASSERTIONS = NO;
				ENABLE_STRICT_OBJC_MSGSEND = YES;
				ENABLE_USER_SCRIPT_SANDBOXING = YES;
				GCC_C_LANGUAGE_STANDARD = gnu17;
				GCC_NO_COMMON_BLOCKS = YES;
				GCC_WARN_64_TO_32_BIT_CONVERSION = YES;
				GCC_WARN_ABOUT_RETURN_TYPE = YES_ERROR;
				GCC_WARN_UNDECLARED_SELECTOR = YES;
				GCC_WARN_UNINITIALIZED_AUTOS = YES_AGGRESSIVE;
				GCC_WARN_UNUSED_FUNCTION = YES;
				GCC_WARN_UNUSED_VARIABLE = YES;
				LOCALIZATION_PREFERS_STRING_CATALOGS = YES;
				MACOSX_DEPLOYMENT_TARGET = 15.6;
				MTL_ENABLE_DEBUG_INFO = NO;
				MTL_FAST_MATH = YES;
				SDKROOT = macosx;
				SWIFT_COMPILATION_MODE = wholemodule;
			};
			name = Release;
		};
		AF91FC8C2EA2FFCB00445FCB /* Debug */ = {
			isa = XCBuildConfiguration;
			buildSettings = {
				ASSETCATALOG_COMPILER_APPICON_NAME = AppIcon;
				ASSETCATALOG_COMPILER_GLOBAL_ACCENT_COLOR_NAME = AccentColor;
				CODE_SIGN_STYLE = Automatic;
				COMBINE_HIDPI_IMAGES = YES;
				CURRENT_PROJECT_VERSION = 1;
				DEVELOPMENT_TEAM = 4R6V47W7X5;
				ENABLE_APP_SANDBOX = YES;
				ENABLE_HARDENED_RUNTIME = YES;
				ENABLE_PREVIEWS = YES;
				ENABLE_USER_SELECTED_FILES = readonly;
				GENERATE_INFOPLIST_FILE = YES;
				INFOPLIST_KEY_NSHumanReadableCopyright = "";
				LD_RUNPATH_SEARCH_PATHS = (
					"$(inherited)",
					"@executable_path/../Frameworks",
				);
				MARKETING_VERSION = 1.0;
				PRODUCT_BUNDLE_IDENTIFIER = "sohag.app.Srz-Clipboard";
				PRODUCT_NAME = "$(TARGET_NAME)";
				REGISTER_APP_GROUPS = YES;
				STRING_CATALOG_GENERATE_SYMBOLS = YES;
				SWIFT_APPROACHABLE_CONCURRENCY = YES;
				SWIFT_DEFAULT_ACTOR_ISOLATION = MainActor;
				SWIFT_EMIT_LOC_STRINGS = YES;
				SWIFT_UPCOMING_FEATURE_MEMBER_IMPORT_VISIBILITY = YES;
				SWIFT_VERSION = 5.0;
			};
			name = Debug;
		};
		AF91FC8D2EA2FFCB00445FCB /* Release */ = {
			isa = XCBuildConfiguration;
			buildSettings = {
				ASSETCATALOG_COMPILER_APPICON_NAME = AppIcon;
				ASSETCATALOG_COMPILER_GLOBAL_ACCENT_COLOR_NAME = AccentColor;
				CODE_SIGN_STYLE = Automatic;
				COMBINE_HIDPI_IMAGES = YES;
				CURRENT_PROJECT_VERSION = 1;
				DEVELOPMENT_TEAM = 4R6V47W7X5;
				ENABLE_APP_SANDBOX = YES;
				ENABLE_HARDENED_RUNTIME = YES;
				ENABLE_PREVIEWS = YES;
				ENABLE_USER_SELECTED_FILES = readonly;
				GENERATE_INFOPLIST_FILE = YES;
				INFOPLIST_KEY_NSHumanReadableCopyright = "";
				LD_RUNPATH_SEARCH_PATHS = (
					"$(inherited)",
					"@executable_path/../Frameworks",
				);
				MARKETING_VERSION = 1.0;
				PRODUCT_BUNDLE_IDENTIFIER = "sohag.app.Srz-Clipboard";
				PRODUCT_NAME = "$(TARGET_NAME)";
				REGISTER_APP_GROUPS = YES;
				STRING_CATALOG_GENERATE_SYMBOLS = YES;
				SWIFT_APPROACHABLE_CONCURRENCY = YES;
				SWIFT_DEFAULT_ACTOR_ISOLATION = MainActor;
				SWIFT_EMIT_LOC_STRINGS = YES;
				SWIFT_UPCOMING_FEATURE_MEMBER_IMPORT_VISIBILITY = YES;
				SWIFT_VERSION = 5.0;
			};
			name = Release;
		};
		AF91FC8F2EA2FFCB00445FCB /* Debug */ = {
			isa = XCBuildConfiguration;
			buildSettings = {
				BUNDLE_LOADER = "$(TEST_HOST)";
				CODE_SIGN_STYLE = Automatic;
				CURRENT_PROJECT_VERSION = 1;
				DEVELOPMENT_TEAM = 4R6V47W7X5;
				GENERATE_INFOPLIST_FILE = YES;
				MACOSX_DEPLOYMENT_TARGET = 15.6;
				MARKETING_VERSION = 1.0;
				PRODUCT_BUNDLE_IDENTIFIER = "sohag.app.Srz-ClipboardTests";
				PRODUCT_NAME = "$(TARGET_NAME)";
				STRING_CATALOG_GENERATE_SYMBOLS = NO;
				SWIFT_APPROACHABLE_CONCURRENCY = YES;
				SWIFT_EMIT_LOC_STRINGS = NO;
				SWIFT_UPCOMING_FEATURE_MEMBER_IMPORT_VISIBILITY = YES;
				SWIFT_VERSION = 5.0;
				TEST_HOST = "$(BUILT_PRODUCTS_DIR)/Srz Clipboard.app/$(BUNDLE_EXECUTABLE_FOLDER_PATH)/Srz Clipboard";
			};
			name = Debug;
		};
		AF91FC902EA2FFCB00445FCB /* Release */ = {
			isa = XCBuildConfiguration;
			buildSettings = {
				BUNDLE_LOADER = "$(TEST_HOST)";
				CODE_SIGN_STYLE = Automatic;
				CURRENT_PROJECT_VERSION = 1;
				DEVELOPMENT_TEAM = 4R6V47W7X5;
				GENERATE_INFOPLIST_FILE = YES;
				MACOSX_DEPLOYMENT_TARGET = 15.6;
				MARKETING_VERSION = 1.0;
				PRODUCT_BUNDLE_IDENTIFIER = "sohag.app.Srz-ClipboardTests";
				PRODUCT_NAME = "$(TARGET_NAME)";
				STRING_CATALOG_GENERATE_SYMBOLS = NO;
				SWIFT_APPROACHABLE_CONCURRENCY = YES;
				SWIFT_EMIT_LOC_STRINGS = NO;
				SWIFT_UPCOMING_FEATURE_MEMBER_IMPORT_VISIBILITY = YES;
				SWIFT_VERSION = 5.0;
				TEST_HOST = "$(BUILT_PRODUCTS_DIR)/Srz Clipboard.app/$(BUNDLE_EXECUTABLE_FOLDER_PATH)/Srz Clipboard";
			};
			name = Release;
		};
		AF91FC922EA2FFCB00445FCB /* Debug */ = {
			isa = XCBuildConfiguration;
			buildSettings = {
				CODE_SIGN_STYLE = Automatic;
				CURRENT_PROJECT_VERSION = 1;
				DEVELOPMENT_TEAM = 4R6V47W7X5;
				GENERATE_INFOPLIST_FILE = YES;
				MARKETING_VERSION = 1.0;
				PRODUCT_BUNDLE_IDENTIFIER = "sohag.app.Srz-ClipboardUITests";
				PRODUCT_NAME = "$(TARGET_NAME)";
				STRING_CATALOG_GENERATE_SYMBOLS = NO;
				SWIFT_APPROACHABLE_CONCURRENCY = YES;
				SWIFT_EMIT_LOC_STRINGS = NO;
				SWIFT_UPCOMING_FEATURE_MEMBER_IMPORT_VISIBILITY = YES;
				SWIFT_VERSION = 5.0;
				TEST_TARGET_NAME = "Srz Clipboard";
			};
			name = Debug;
		};
		AF91FC932EA2FFCB00445FCB /* Release */ = {
			isa = XCBuildConfiguration;
			buildSettings = {
				CODE_SIGN_STYLE = Automatic;
				CURRENT_PROJECT_VERSION = 1;
				DEVELOPMENT_TEAM = 4R6V47W7X5;
				GENERATE_INFOPLIST_FILE = YES;
				MARKETING_VERSION = 1.0;
				PRODUCT_BUNDLE_IDENTIFIER = "sohag.app.Srz-ClipboardUITests";
				PRODUCT_NAME = "$(TARGET_NAME)";
				STRING_CATALOG_GENERATE_SYMBOLS = NO;
				SWIFT_APPROACHABLE_CONCURRENCY = YES;
				SWIFT_EMIT_LOC_STRINGS = NO;
				SWIFT_UPCOMING_FEATURE_MEMBER_IMPORT_VISIBILITY = YES;
				SWIFT_VERSION = 5.0;
				TEST_TARGET_NAME = "Srz Clipboard";
			};
			name = Release;
		};
/* End XCBuildConfiguration section */

/* Begin XCConfigurationList section */
		AF91FC652EA2FFCA00445FCB /* Build configuration list for PBXProject "Srz Clipboard" */ = {
			isa = XCConfigurationList;
			buildConfigurations = (
				AF91FC892EA2FFCB00445FCB /* Debug */,
				AF91FC8A2EA2FFCB00445FCB /* Release */,
			);
			defaultConfigurationIsVisible = 0;
			defaultConfigurationName = Release;
		};
		AF91FC8B2EA2FFCB00445FCB /* Build configuration list for PBXNativeTarget "Srz Clipboard" */ = {
			isa = XCConfigurationList;
			buildConfigurations = (
				AF91FC8C2EA2FFCB00445FCB /* Debug */,
				AF91FC8D2EA2FFCB00445FCB /* Release */,
			);
			defaultConfigurationIsVisible = 0;
			defaultConfigurationName = Release;
		};
		AF91FC8E2EA2FFCB00445FCB /* Build configuration list for PBXNativeTarget "Srz ClipboardTests" */ = {
			isa = XCConfigurationList;
			buildConfigurations = (
				AF91FC8F2EA2FFCB00445FCB /* Debug */,
				AF91FC902EA2FFCB00445FCB /* Release */,
			);
			defaultConfigurationIsVisible = 0;
			defaultConfigurationName = Release;
		};
		AF91FC912EA2FFCB00445FCB /* Build configuration list for PBXNativeTarget "Srz ClipboardUITests" */ = {
			isa = XCConfigurationList;
			buildConfigurations = (
				AF91FC922EA2FFCB00445FCB /* Debug */,
				AF91FC932EA2FFCB00445FCB /* Release */,
			);
			defaultConfigurationIsVisible = 0;
			defaultConfigurationName = Release;
		};
/* End XCConfigurationList section */
	};
	rootObject = AF91FC622EA2FFCA00445FCB /* Project object */;
}
